
Microsoft Visual Studio Solution File, Format Version 12.00
Project("{FAE04EC0-301F-11D3-BF4B-00C04F79EFBC}") = "CurrencyExchangeDomain", "CurrencyExchangeDomain\CurrencyExchangeDomain.csproj", "{C245FAF0-803B-4AD9-A0F0-A53B50396C8D}"
EndProject
Project("{FAE04EC0-301F-11D3-BF4B-00C04F79EFBC}") = "CurrencyExchangeDomain.Tests", "CurrencyExchangeDomain.Tests\CurrencyExchangeDomain.Tests.csproj", "{6C7A5EDD-2E0E-4FD4-A840-2AB0F77A4966}"
EndProject
Project("{FAE04EC0-301F-11D3-BF4B-00C04F79EFBC}") = "Ports", "Ports\Ports.csproj", "{0B150267-3C4A-4303-AFC8-153AEE2CD231}"
EndProject
Project("{FAE04EC0-301F-11D3-BF4B-00C04F79EFBC}") = "MongoAdapter", "MongoAdapter\MongoAdapter.csproj", "{ED512A8A-6337-42BD-A59A-88518D6D6502}"
EndProject
Global
	GlobalSection(SolutionConfigurationPlatforms) = preSolution
		Debug|Any CPU = Debug|Any CPU
		Release|Any CPU = Release|Any CPU
	EndGlobalSection
	GlobalSection(ProjectConfigurationPlatforms) = postSolution
		{C245FAF0-803B-4AD9-A0F0-A53B50396C8D}.Debug|Any CPU.ActiveCfg = Debug|Any CPU
		{C245FAF0-803B-4AD9-A0F0-A53B50396C8D}.Debug|Any CPU.Build.0 = Debug|Any CPU
		{C245FAF0-803B-4AD9-A0F0-A53B50396C8D}.Release|Any CPU.ActiveCfg = Release|Any CPU
		{C245FAF0-803B-4AD9-A0F0-A53B50396C8D}.Release|Any CPU.Build.0 = Release|Any CPU
		{6C7A5EDD-2E0E-4FD4-A840-2AB0F77A4966}.Debug|Any CPU.ActiveCfg = Debug|Any CPU
		{6C7A5EDD-2E0E-4FD4-A840-2AB0F77A4966}.Debug|Any CPU.Build.0 = Debug|Any CPU
		{6C7A5EDD-2E0E-4FD4-A840-2AB0F77A4966}.Release|Any CPU.ActiveCfg = Release|Any CPU
		{6C7A5EDD-2E0E-4FD4-A840-2AB0F77A4966}.Release|Any CPU.Build.0 = Release|Any CPU
		{0B150267-3C4A-4303-AFC8-153AEE2CD231}.Debug|Any CPU.ActiveCfg = Debug|Any CPU
		{0B150267-3C4A-4303-AFC8-153AEE2CD231}.Debug|Any CPU.Build.0 = Debug|Any CPU
		{0B150267-3C4A-4303-AFC8-153AEE2CD231}.Release|Any CPU.ActiveCfg = Release|Any CPU
		{0B150267-3C4A-4303-AFC8-153AEE2CD231}.Release|Any CPU.Build.0 = Release|Any CPU
		{ED512A8A-6337-42BD-A59A-88518D6D6502}.Debug|Any CPU.ActiveCfg = Debug|Any CPU
		{ED512A8A-6337-42BD-A59A-88518D6D6502}.Debug|Any CPU.Build.0 = Debug|Any CPU
		{ED512A8A-6337-42BD-A59A-88518D6D6502}.Release|Any CPU.ActiveCfg = Release|Any CPU
		{ED512A8A-6337-42BD-A59A-88518D6D6502}.Release|Any CPU.Build.0 = Release|Any CPU
	EndGlobalSection
EndGlobal
